
Microsoft Visual Studio Solution File, Format Version 12.00
# Visual Studio 2013
VisualStudioVersion = 12.0.31101.0
MinimumVisualStudioVersion = 10.0.40219.1
Project("{FAE04EC0-301F-11D3-BF4B-00C04F79EFBC}") = "Web", "Web\Web.csproj", "{FEB23D7C-4FAC-4624-876B-E81E4775698E}"
EndProject
Project("{FAE04EC0-301F-11D3-BF4B-00C04F79EFBC}") = "Tfs", "Tfs\Tfs.csproj", "{404D48EB-A924-48DF-A1F2-A77EA71F651E}"
EndProject
Project("{FAE04EC0-301F-11D3-BF4B-00C04F79EFBC}") = "Common", "Common\Common.csproj", "{FDCE4533-39A4-46E3-8BBA-EBE9A9B48290}"
EndProject
Project("{FAE04EC0-301F-11D3-BF4B-00C04F79EFBC}") = "TestCaseViewerSeleniumScenarios", "TestCaseViewerSeleniumScenarios\TestCaseViewerSeleniumScenarios.csproj", "{373696C8-98A0-4A06-8D66-BD8CD30AB845}"
EndProject
Project("{2150E333-8FDC-42A3-9474-1A3956D46DE8}") = ".nuget", ".nuget", "{4B2DF66F-6DFC-4B21-AD8A-F1C8C0044031}"
	ProjectSection(SolutionItems) = preProject
		.nuget\packages.config = .nuget\packages.config
	EndProjectSection
EndProject
Project("{2150E333-8FDC-42A3-9474-1A3956D46DE8}") = "Solution Items", "Solution Items", "{73C50C17-0A43-4EC8-93C3-C2334881A836}"
	ProjectSection(SolutionItems) = preProject
		build.fsx = build.fsx
	EndProjectSection
EndProject
Project("{FAE04EC0-301F-11D3-BF4B-00C04F79EFBC}") = "Tests", "Tests\Tests.csproj", "{70BB20F3-5645-4491-B4A7-221AC3241930}"
EndProject
Global
	GlobalSection(SolutionConfigurationPlatforms) = preSolution
		Debug|Any CPU = Debug|Any CPU
		Release|Any CPU = Release|Any CPU
	EndGlobalSection
	GlobalSection(ProjectConfigurationPlatforms) = postSolution
		{FEB23D7C-4FAC-4624-876B-E81E4775698E}.Debug|Any CPU.ActiveCfg = Debug|Any CPU
		{FEB23D7C-4FAC-4624-876B-E81E4775698E}.Debug|Any CPU.Build.0 = Debug|Any CPU
		{FEB23D7C-4FAC-4624-876B-E81E4775698E}.Release|Any CPU.ActiveCfg = Release|Any CPU
		{FEB23D7C-4FAC-4624-876B-E81E4775698E}.Release|Any CPU.Build.0 = Release|Any CPU
		{404D48EB-A924-48DF-A1F2-A77EA71F651E}.Debug|Any CPU.ActiveCfg = Debug|Any CPU
		{404D48EB-A924-48DF-A1F2-A77EA71F651E}.Debug|Any CPU.Build.0 = Debug|Any CPU
		{404D48EB-A924-48DF-A1F2-A77EA71F651E}.Release|Any CPU.ActiveCfg = Release|Any CPU
		{404D48EB-A924-48DF-A1F2-A77EA71F651E}.Release|Any CPU.Build.0 = Release|Any CPU
		{FDCE4533-39A4-46E3-8BBA-EBE9A9B48290}.Debug|Any CPU.ActiveCfg = Debug|Any CPU
		{FDCE4533-39A4-46E3-8BBA-EBE9A9B48290}.Debug|Any CPU.Build.0 = Debug|Any CPU
		{FDCE4533-39A4-46E3-8BBA-EBE9A9B48290}.Release|Any CPU.ActiveCfg = Release|Any CPU
		{FDCE4533-39A4-46E3-8BBA-EBE9A9B48290}.Release|Any CPU.Build.0 = Release|Any CPU
		{373696C8-98A0-4A06-8D66-BD8CD30AB845}.Debug|Any CPU.ActiveCfg = Debug|Any CPU
		{373696C8-98A0-4A06-8D66-BD8CD30AB845}.Debug|Any CPU.Build.0 = Debug|Any CPU
		{373696C8-98A0-4A06-8D66-BD8CD30AB845}.Release|Any CPU.ActiveCfg = Release|Any CPU
		{373696C8-98A0-4A06-8D66-BD8CD30AB845}.Release|Any CPU.Build.0 = Release|Any CPU
		{70BB20F3-5645-4491-B4A7-221AC3241930}.Debug|Any CPU.ActiveCfg = Debug|Any CPU
		{70BB20F3-5645-4491-B4A7-221AC3241930}.Debug|Any CPU.Build.0 = Debug|Any CPU
		{70BB20F3-5645-4491-B4A7-221AC3241930}.Release|Any CPU.ActiveCfg = Release|Any CPU
		{70BB20F3-5645-4491-B4A7-221AC3241930}.Release|Any CPU.Build.0 = Release|Any CPU
	EndGlobalSection
	GlobalSection(SolutionProperties) = preSolution
		HideSolutionNode = FALSE
	EndGlobalSection
EndGlobal
